// !$*UTF8*$!
{
	archiveVersion = 1;
	classes = {
	};
	objectVersion = 50;
	objects = {

/* Begin PBXBuildFile section */
		A1EB4F9225718FDB0078FE10 /* Tests_iOS.swift in Sources */ = {isa = PBXBuildFile; fileRef = A1EB4F9125718FDB0078FE10 /* Tests_iOS.swift */; };
		A1EB4F9D25718FDB0078FE10 /* Tests_macOS.swift in Sources */ = {isa = PBXBuildFile; fileRef = A1EB4F9C25718FDB0078FE10 /* Tests_macOS.swift */; };
		A1EB4F9F25718FDB0078FE10 /* Matrix.xcdatamodeld in Sources */ = {isa = PBXBuildFile; fileRef = A1EB4F7325718FD80078FE10 /* Matrix.xcdatamodeld */; };
		A1EB4FA025718FDB0078FE10 /* Matrix.xcdatamodeld in Sources */ = {isa = PBXBuildFile; fileRef = A1EB4F7325718FD80078FE10 /* Matrix.xcdatamodeld */; };
		A1EB4FA125718FDB0078FE10 /* MatrixApp.swift in Sources */ = {isa = PBXBuildFile; fileRef = A1EB4F7525718FD80078FE10 /* MatrixApp.swift */; };
		A1EB4FA225718FDB0078FE10 /* MatrixApp.swift in Sources */ = {isa = PBXBuildFile; fileRef = A1EB4F7525718FD80078FE10 /* MatrixApp.swift */; };
		A1EB4FA325718FDB0078FE10 /* ContentView.swift in Sources */ = {isa = PBXBuildFile; fileRef = A1EB4F7625718FD80078FE10 /* ContentView.swift */; };
		A1EB4FA425718FDB0078FE10 /* ContentView.swift in Sources */ = {isa = PBXBuildFile; fileRef = A1EB4F7625718FD80078FE10 /* ContentView.swift */; };
		A1EB4FA525718FDB0078FE10 /* Persistence.swift in Sources */ = {isa = PBXBuildFile; fileRef = A1EB4F7725718FD80078FE10 /* Persistence.swift */; };
		A1EB4FA625718FDB0078FE10 /* Persistence.swift in Sources */ = {isa = PBXBuildFile; fileRef = A1EB4F7725718FD80078FE10 /* Persistence.swift */; };
		A1EB4FA725718FDB0078FE10 /* Assets.xcassets in Resources */ = {isa = PBXBuildFile; fileRef = A1EB4F7825718FDA0078FE10 /* Assets.xcassets */; };
		A1EB4FA825718FDB0078FE10 /* Assets.xcassets in Resources */ = {isa = PBXBuildFile; fileRef = A1EB4F7825718FDA0078FE10 /* Assets.xcassets */; };
/* End PBXBuildFile section */

/* Begin PBXContainerItemProxy section */
		A1EB4F8E25718FDB0078FE10 /* PBXContainerItemProxy */ = {
			isa = PBXContainerItemProxy;
			containerPortal = A1EB4F6E25718FD70078FE10 /* Project object */;
			proxyType = 1;
			remoteGlobalIDString = A1EB4F7C25718FDA0078FE10;
			remoteInfo = "Matrix (iOS)";
		};
		A1EB4F9925718FDB0078FE10 /* PBXContainerItemProxy */ = {
			isa = PBXContainerItemProxy;
			containerPortal = A1EB4F6E25718FD70078FE10 /* Project object */;
			proxyType = 1;
			remoteGlobalIDString = A1EB4F8425718FDB0078FE10;
			remoteInfo = "Matrix (macOS)";
		};
/* End PBXContainerItemProxy section */

/* Begin PBXFileReference section */
		A1EB4F7425718FD80078FE10 /* Shared.xcdatamodel */ = {isa = PBXFileReference; lastKnownFileType = wrapper.xcdatamodel; path = Shared.xcdatamodel; sourceTree = "<group>"; };
		A1EB4F7525718FD80078FE10 /* MatrixApp.swift */ = {isa = PBXFileReference; lastKnownFileType = sourcecode.swift; path = MatrixApp.swift; sourceTree = "<group>"; };
		A1EB4F7625718FD80078FE10 /* ContentView.swift */ = {isa = PBXFileReference; lastKnownFileType = sourcecode.swift; path = ContentView.swift; sourceTree = "<group>"; };
		A1EB4F7725718FD80078FE10 /* Persistence.swift */ = {isa = PBXFileReference; lastKnownFileType = sourcecode.swift; path = Persistence.swift; sourceTree = "<group>"; };
		A1EB4F7825718FDA0078FE10 /* Assets.xcassets */ = {isa = PBXFileReference; lastKnownFileType = folder.assetcatalog; path = Assets.xcassets; sourceTree = "<group>"; };
		A1EB4F7D25718FDA0078FE10 /* Matrix.app */ = {isa = PBXFileReference; explicitFileType = wrapper.application; includeInIndex = 0; path = Matrix.app; sourceTree = BUILT_PRODUCTS_DIR; };
		A1EB4F8025718FDA0078FE10 /* Info.plist */ = {isa = PBXFileReference; lastKnownFileType = text.plist.xml; path = Info.plist; sourceTree = "<group>"; };
		A1EB4F8525718FDB0078FE10 /* Matrix.app */ = {isa = PBXFileReference; explicitFileType = wrapper.application; includeInIndex = 0; path = Matrix.app; sourceTree = BUILT_PRODUCTS_DIR; };
		A1EB4F8725718FDB0078FE10 /* Info.plist */ = {isa = PBXFileReference; lastKnownFileType = text.plist.xml; path = Info.plist; sourceTree = "<group>"; };
		A1EB4F8825718FDB0078FE10 /* macOS.entitlements */ = {isa = PBXFileReference; lastKnownFileType = text.plist.entitlements; path = macOS.entitlements; sourceTree = "<group>"; };
		A1EB4F8D25718FDB0078FE10 /* Tests iOS.xctest */ = {isa = PBXFileReference; explicitFileType = wrapper.cfbundle; includeInIndex = 0; path = "Tests iOS.xctest"; sourceTree = BUILT_PRODUCTS_DIR; };
		A1EB4F9125718FDB0078FE10 /* Tests_iOS.swift */ = {isa = PBXFileReference; lastKnownFileType = sourcecode.swift; path = Tests_iOS.swift; sourceTree = "<group>"; };
		A1EB4F9325718FDB0078FE10 /* Info.plist */ = {isa = PBXFileReference; lastKnownFileType = text.plist.xml; path = Info.plist; sourceTree = "<group>"; };
		A1EB4F9825718FDB0078FE10 /* Tests macOS.xctest */ = {isa = PBXFileReference; explicitFileType = wrapper.cfbundle; includeInIndex = 0; path = "Tests macOS.xctest"; sourceTree = BUILT_PRODUCTS_DIR; };
		A1EB4F9C25718FDB0078FE10 /* Tests_macOS.swift */ = {isa = PBXFileReference; lastKnownFileType = sourcecode.swift; path = Tests_macOS.swift; sourceTree = "<group>"; };
		A1EB4F9E25718FDB0078FE10 /* Info.plist */ = {isa = PBXFileReference; lastKnownFileType = text.plist.xml; path = Info.plist; sourceTree = "<group>"; };
/* End PBXFileReference section */

/* Begin PBXFrameworksBuildPhase section */
		A1EB4F7A25718FDA0078FE10 /* Frameworks */ = {
			isa = PBXFrameworksBuildPhase;
			buildActionMask = 2147483647;
			files = (
			);
			runOnlyForDeploymentPostprocessing = 0;
		};
		A1EB4F8225718FDB0078FE10 /* Frameworks */ = {
			isa = PBXFrameworksBuildPhase;
			buildActionMask = 2147483647;
			files = (
			);
			runOnlyForDeploymentPostprocessing = 0;
		};
		A1EB4F8A25718FDB0078FE10 /* Frameworks */ = {
			isa = PBXFrameworksBuildPhase;
			buildActionMask = 2147483647;
			files = (
			);
			runOnlyForDeploymentPostprocessing = 0;
		};
		A1EB4F9525718FDB0078FE10 /* Frameworks */ = {
			isa = PBXFrameworksBuildPhase;
			buildActionMask = 2147483647;
			files = (
			);
			runOnlyForDeploymentPostprocessing = 0;
		};
/* End PBXFrameworksBuildPhase section */

/* Begin PBXGroup section */
		A1EB4F6D25718FD70078FE10 = {
			isa = PBXGroup;
			children = (
				A1EB4F7225718FD80078FE10 /* Shared */,
				A1EB4F7F25718FDA0078FE10 /* iOS */,
				A1EB4F8625718FDB0078FE10 /* macOS */,
				A1EB4F9025718FDB0078FE10 /* Tests iOS */,
				A1EB4F9B25718FDB0078FE10 /* Tests macOS */,
				A1EB4F7E25718FDA0078FE10 /* Products */,
			);
			sourceTree = "<group>";
		};
		A1EB4F7225718FD80078FE10 /* Shared */ = {
			isa = PBXGroup;
			children = (
				A1EB4F7525718FD80078FE10 /* MatrixApp.swift */,
				A1EB4F7625718FD80078FE10 /* ContentView.swift */,
				A1EB4F7725718FD80078FE10 /* Persistence.swift */,
				A1EB4F7825718FDA0078FE10 /* Assets.xcassets */,
				A1EB4F7325718FD80078FE10 /* Matrix.xcdatamodeld */,
			);
			path = Shared;
			sourceTree = "<group>";
		};
		A1EB4F7E25718FDA0078FE10 /* Products */ = {
			isa = PBXGroup;
			children = (
				A1EB4F7D25718FDA0078FE10 /* Matrix.app */,
				A1EB4F8525718FDB0078FE10 /* Matrix.app */,
				A1EB4F8D25718FDB0078FE10 /* Tests iOS.xctest */,
				A1EB4F9825718FDB0078FE10 /* Tests macOS.xctest */,
			);
			name = Products;
			sourceTree = "<group>";
		};
		A1EB4F7F25718FDA0078FE10 /* iOS */ = {
			isa = PBXGroup;
			children = (
				A1EB4F8025718FDA0078FE10 /* Info.plist */,
			);
			path = iOS;
			sourceTree = "<group>";
		};
		A1EB4F8625718FDB0078FE10 /* macOS */ = {
			isa = PBXGroup;
			children = (
				A1EB4F8725718FDB0078FE10 /* Info.plist */,
				A1EB4F8825718FDB0078FE10 /* macOS.entitlements */,
			);
			path = macOS;
			sourceTree = "<group>";
		};
		A1EB4F9025718FDB0078FE10 /* Tests iOS */ = {
			isa = PBXGroup;
			children = (
				A1EB4F9125718FDB0078FE10 /* Tests_iOS.swift */,
				A1EB4F9325718FDB0078FE10 /* Info.plist */,
			);
			path = "Tests iOS";
			sourceTree = "<group>";
		};
		A1EB4F9B25718FDB0078FE10 /* Tests macOS */ = {
			isa = PBXGroup;
			children = (
				A1EB4F9C25718FDB0078FE10 /* Tests_macOS.swift */,
				A1EB4F9E25718FDB0078FE10 /* Info.plist */,
			);
			path = "Tests macOS";
			sourceTree = "<group>";
		};
/* End PBXGroup section */

/* Begin PBXNativeTarget section */
		A1EB4F7C25718FDA0078FE10 /* Matrix (iOS) */ = {
			isa = PBXNativeTarget;
			buildConfigurationList = A1EB4FAB25718FDB0078FE10 /* Build configuration list for PBXNativeTarget "Matrix (iOS)" */;
			buildPhases = (
				A1EB4F7925718FDA0078FE10 /* Sources */,
				A1EB4F7A25718FDA0078FE10 /* Frameworks */,
				A1EB4F7B25718FDA0078FE10 /* Resources */,
			);
			buildRules = (
			);
			dependencies = (
			);
			name = "Matrix (iOS)";
			productName = "Matrix (iOS)";
			productReference = A1EB4F7D25718FDA0078FE10 /* Matrix.app */;
			productType = "com.apple.product-type.application";
		};
		A1EB4F8425718FDB0078FE10 /* Matrix (macOS) */ = {
			isa = PBXNativeTarget;
			buildConfigurationList = A1EB4FAE25718FDB0078FE10 /* Build configuration list for PBXNativeTarget "Matrix (macOS)" */;
			buildPhases = (
				A1EB4F8125718FDB0078FE10 /* Sources */,
				A1EB4F8225718FDB0078FE10 /* Frameworks */,
				A1EB4F8325718FDB0078FE10 /* Resources */,
			);
			buildRules = (
			);
			dependencies = (
			);
			name = "Matrix (macOS)";
			productName = "Matrix (macOS)";
			productReference = A1EB4F8525718FDB0078FE10 /* Matrix.app */;
			productType = "com.apple.product-type.application";
		};
		A1EB4F8C25718FDB0078FE10 /* Tests iOS */ = {
			isa = PBXNativeTarget;
			buildConfigurationList = A1EB4FB125718FDB0078FE10 /* Build configuration list for PBXNativeTarget "Tests iOS" */;
			buildPhases = (
				A1EB4F8925718FDB0078FE10 /* Sources */,
				A1EB4F8A25718FDB0078FE10 /* Frameworks */,
				A1EB4F8B25718FDB0078FE10 /* Resources */,
			);
			buildRules = (
			);
			dependencies = (
				A1EB4F8F25718FDB0078FE10 /* PBXTargetDependency */,
			);
			name = "Tests iOS";
			productName = "Tests iOS";
			productReference = A1EB4F8D25718FDB0078FE10 /* Tests iOS.xctest */;
			productType = "com.apple.product-type.bundle.ui-testing";
		};
		A1EB4F9725718FDB0078FE10 /* Tests macOS */ = {
			isa = PBXNativeTarget;
			buildConfigurationList = A1EB4FB425718FDB0078FE10 /* Build configuration list for PBXNativeTarget "Tests macOS" */;
			buildPhases = (
				A1EB4F9425718FDB0078FE10 /* Sources */,
				A1EB4F9525718FDB0078FE10 /* Frameworks */,
				A1EB4F9625718FDB0078FE10 /* Resources */,
			);
			buildRules = (
			);
			dependencies = (
				A1EB4F9A25718FDB0078FE10 /* PBXTargetDependency */,
			);
			name = "Tests macOS";
			productName = "Tests macOS";
			productReference = A1EB4F9825718FDB0078FE10 /* Tests macOS.xctest */;
			productType = "com.apple.product-type.bundle.ui-testing";
		};
/* End PBXNativeTarget section */

/* Begin PBXProject section */
		A1EB4F6E25718FD70078FE10 /* Project object */ = {
			isa = PBXProject;
			attributes = {
				LastSwiftUpdateCheck = 1220;
				LastUpgradeCheck = 1220;
				TargetAttributes = {
					A1EB4F7C25718FDA0078FE10 = {
						CreatedOnToolsVersion = 12.2;
					};
					A1EB4F8425718FDB0078FE10 = {
						CreatedOnToolsVersion = 12.2;
					};
					A1EB4F8C25718FDB0078FE10 = {
						CreatedOnToolsVersion = 12.2;
						TestTargetID = A1EB4F7C25718FDA0078FE10;
					};
					A1EB4F9725718FDB0078FE10 = {
						CreatedOnToolsVersion = 12.2;
						TestTargetID = A1EB4F8425718FDB0078FE10;
					};
				};
			};
			buildConfigurationList = A1EB4F7125718FD70078FE10 /* Build configuration list for PBXProject "Matrix" */;
			compatibilityVersion = "Xcode 9.3";
			developmentRegion = en;
			hasScannedForEncodings = 0;
			knownRegions = (
				en,
				Base,
			);
			mainGroup = A1EB4F6D25718FD70078FE10;
			productRefGroup = A1EB4F7E25718FDA0078FE10 /* Products */;
			projectDirPath = "";
			projectRoot = "";
			targets = (
				A1EB4F7C25718FDA0078FE10 /* Matrix (iOS) */,
				A1EB4F8425718FDB0078FE10 /* Matrix (macOS) */,
				A1EB4F8C25718FDB0078FE10 /* Tests iOS */,
				A1EB4F9725718FDB0078FE10 /* Tests macOS */,
			);
		};
/* End PBXProject section */

/* Begin PBXResourcesBuildPhase section */
		A1EB4F7B25718FDA0078FE10 /* Resources */ = {
			isa = PBXResourcesBuildPhase;
			buildActionMask = 2147483647;
			files = (
				A1EB4FA725718FDB0078FE10 /* Assets.xcassets in Resources */,
			);
			runOnlyForDeploymentPostprocessing = 0;
		};
		A1EB4F8325718FDB0078FE10 /* Resources */ = {
			isa = PBXResourcesBuildPhase;
			buildActionMask = 2147483647;
			files = (
				A1EB4FA825718FDB0078FE10 /* Assets.xcassets in Resources */,
			);
			runOnlyForDeploymentPostprocessing = 0;
		};
		A1EB4F8B25718FDB0078FE10 /* Resources */ = {
			isa = PBXResourcesBuildPhase;
			buildActionMask = 2147483647;
			files = (
			);
			runOnlyForDeploymentPostprocessing = 0;
		};
		A1EB4F9625718FDB0078FE10 /* Resources */ = {
			isa = PBXResourcesBuildPhase;
			buildActionMask = 2147483647;
			files = (
			);
			runOnlyForDeploymentPostprocessing = 0;
		};
/* End PBXResourcesBuildPhase section */

/* Begin PBXSourcesBuildPhase section */
		A1EB4F7925718FDA0078FE10 /* Sources */ = {
			isa = PBXSourcesBuildPhase;
			buildActionMask = 2147483647;
			files = (
				A1EB4FA125718FDB0078FE10 /* MatrixApp.swift in Sources */,
				A1EB4FA525718FDB0078FE10 /* Persistence.swift in Sources */,
				A1EB4F9F25718FDB0078FE10 /* Matrix.xcdatamodeld in Sources */,
				A1EB4FA325718FDB0078FE10 /* ContentView.swift in Sources */,
			);
			runOnlyForDeploymentPostprocessing = 0;
		};
		A1EB4F8125718FDB0078FE10 /* Sources */ = {
			isa = PBXSourcesBuildPhase;
			buildActionMask = 2147483647;
			files = (
				A1EB4FA225718FDB0078FE10 /* MatrixApp.swift in Sources */,
				A1EB4FA625718FDB0078FE10 /* Persistence.swift in Sources */,
				A1EB4FA025718FDB0078FE10 /* Matrix.xcdatamodeld in Sources */,
				A1EB4FA425718FDB0078FE10 /* ContentView.swift in Sources */,
			);
			runOnlyForDeploymentPostprocessing = 0;
		};
		A1EB4F8925718FDB0078FE10 /* Sources */ = {
			isa = PBXSourcesBuildPhase;
			buildActionMask = 2147483647;
			files = (
				A1EB4F9225718FDB0078FE10 /* Tests_iOS.swift in Sources */,
			);
			runOnlyForDeploymentPostprocessing = 0;
		};
		A1EB4F9425718FDB0078FE10 /* Sources */ = {
			isa = PBXSourcesBuildPhase;
			buildActionMask = 2147483647;
			files = (
				A1EB4F9D25718FDB0078FE10 /* Tests_macOS.swift in Sources */,
			);
			runOnlyForDeploymentPostprocessing = 0;
		};
/* End PBXSourcesBuildPhase section */

/* Begin PBXTargetDependency section */
		A1EB4F8F25718FDB0078FE10 /* PBXTargetDependency */ = {
			isa = PBXTargetDependency;
			target = A1EB4F7C25718FDA0078FE10 /* Matrix (iOS) */;
			targetProxy = A1EB4F8E25718FDB0078FE10 /* PBXContainerItemProxy */;
		};
		A1EB4F9A25718FDB0078FE10 /* PBXTargetDependency */ = {
			isa = PBXTargetDependency;
			target = A1EB4F8425718FDB0078FE10 /* Matrix (macOS) */;
			targetProxy = A1EB4F9925718FDB0078FE10 /* PBXContainerItemProxy */;
		};
/* End PBXTargetDependency section */

/* Begin XCBuildConfiguration section */
		A1EB4FA925718FDB0078FE10 /* Debug */ = {
			isa = XCBuildConfiguration;
			buildSettings = {
				ALWAYS_SEARCH_USER_PATHS = NO;
				CLANG_ANALYZER_NONNULL = YES;
				CLANG_ANALYZER_NUMBER_OBJECT_CONVERSION = YES_AGGRESSIVE;
				CLANG_CXX_LANGUAGE_STANDARD = "gnu++14";
				CLANG_CXX_LIBRARY = "libc++";
				CLANG_ENABLE_MODULES = YES;
				CLANG_ENABLE_OBJC_ARC = YES;
				CLANG_ENABLE_OBJC_WEAK = YES;
				CLANG_WARN_BLOCK_CAPTURE_AUTORELEASING = YES;
				CLANG_WARN_BOOL_CONVERSION = YES;
				CLANG_WARN_COMMA = YES;
				CLANG_WARN_CONSTANT_CONVERSION = YES;
				CLANG_WARN_DEPRECATED_OBJC_IMPLEMENTATIONS = YES;
				CLANG_WARN_DIRECT_OBJC_ISA_USAGE = YES_ERROR;
				CLANG_WARN_DOCUMENTATION_COMMENTS = YES;
				CLANG_WARN_EMPTY_BODY = YES;
				CLANG_WARN_ENUM_CONVERSION = YES;
				CLANG_WARN_INFINITE_RECURSION = YES;
				CLANG_WARN_INT_CONVERSION = YES;
				CLANG_WARN_NON_LITERAL_NULL_CONVERSION = YES;
				CLANG_WARN_OBJC_IMPLICIT_RETAIN_SELF = YES;
				CLANG_WARN_OBJC_LITERAL_CONVERSION = YES;
				CLANG_WARN_OBJC_ROOT_CLASS = YES_ERROR;
				CLANG_WARN_QUOTED_INCLUDE_IN_FRAMEWORK_HEADER = YES;
				CLANG_WARN_RANGE_LOOP_ANALYSIS = YES;
				CLANG_WARN_STRICT_PROTOTYPES = YES;
				CLANG_WARN_SUSPICIOUS_MOVE = YES;
				CLANG_WARN_UNGUARDED_AVAILABILITY = YES_AGGRESSIVE;
				CLANG_WARN_UNREACHABLE_CODE = YES;
				CLANG_WARN__DUPLICATE_METHOD_MATCH = YES;
				COPY_PHASE_STRIP = NO;
				DEBUG_INFORMATION_FORMAT = dwarf;
				ENABLE_STRICT_OBJC_MSGSEND = YES;
				ENABLE_TESTABILITY = YES;
				GCC_C_LANGUAGE_STANDARD = gnu11;
				GCC_DYNAMIC_NO_PIC = NO;
				GCC_NO_COMMON_BLOCKS = YES;
				GCC_OPTIMIZATION_LEVEL = 0;
				GCC_PREPROCESSOR_DEFINITIONS = (
					"DEBUG=1",
					"$(inherited)",
				);
				GCC_WARN_64_TO_32_BIT_CONVERSION = YES;
				GCC_WARN_ABOUT_RETURN_TYPE = YES_ERROR;
				GCC_WARN_UNDECLARED_SELECTOR = YES;
				GCC_WARN_UNINITIALIZED_AUTOS = YES_AGGRESSIVE;
				GCC_WARN_UNUSED_FUNCTION = YES;
				GCC_WARN_UNUSED_VARIABLE = YES;
				MTL_ENABLE_DEBUG_INFO = INCLUDE_SOURCE;
				MTL_FAST_MATH = YES;
				ONLY_ACTIVE_ARCH = YES;
				SWIFT_ACTIVE_COMPILATION_CONDITIONS = DEBUG;
				SWIFT_OPTIMIZATION_LEVEL = "-Onone";
			};
			name = Debug;
		};
		A1EB4FAA25718FDB0078FE10 /* Release */ = {
			isa = XCBuildConfiguration;
			buildSettings = {
				ALWAYS_SEARCH_USER_PATHS = NO;
				CLANG_ANALYZER_NONNULL = YES;
				CLANG_ANALYZER_NUMBER_OBJECT_CONVERSION = YES_AGGRESSIVE;
				CLANG_CXX_LANGUAGE_STANDARD = "gnu++14";
				CLANG_CXX_LIBRARY = "libc++";
				CLANG_ENABLE_MODULES = YES;
				CLANG_ENABLE_OBJC_ARC = YES;
				CLANG_ENABLE_OBJC_WEAK = YES;
				CLANG_WARN_BLOCK_CAPTURE_AUTORELEASING = YES;
				CLANG_WARN_BOOL_CONVERSION = YES;
				CLANG_WARN_COMMA = YES;
				CLANG_WARN_CONSTANT_CONVERSION = YES;
				CLANG_WARN_DEPRECATED_OBJC_IMPLEMENTATIONS = YES;
				CLANG_WARN_DIRECT_OBJC_ISA_USAGE = YES_ERROR;
				CLANG_WARN_DOCUMENTATION_COMMENTS = YES;
				CLANG_WARN_EMPTY_BODY = YES;
				CLANG_WARN_ENUM_CONVERSION = YES;
				CLANG_WARN_INFINITE_RECURSION = YES;
				CLANG_WARN_INT_CONVERSION = YES;
				CLANG_WARN_NON_LITERAL_NULL_CONVERSION = YES;
				CLANG_WARN_OBJC_IMPLICIT_RETAIN_SELF = YES;
				CLANG_WARN_OBJC_LITERAL_CONVERSION = YES;
				CLANG_WARN_OBJC_ROOT_CLASS = YES_ERROR;
				CLANG_WARN_QUOTED_INCLUDE_IN_FRAMEWORK_HEADER = YES;
				CLANG_WARN_RANGE_LOOP_ANALYSIS = YES;
				CLANG_WARN_STRICT_PROTOTYPES = YES;
				CLANG_WARN_SUSPICIOUS_MOVE = YES;
				CLANG_WARN_UNGUARDED_AVAILABILITY = YES_AGGRESSIVE;
				CLANG_WARN_UNREACHABLE_CODE = YES;
				CLANG_WARN__DUPLICATE_METHOD_MATCH = YES;
				COPY_PHASE_STRIP = NO;
				DEBUG_INFORMATION_FORMAT = "dwarf-with-dsym";
				ENABLE_NS_ASSERTIONS = NO;
				ENABLE_STRICT_OBJC_MSGSEND = YES;
				GCC_C_LANGUAGE_STANDARD = gnu11;
				GCC_NO_COMMON_BLOCKS = YES;
				GCC_WARN_64_TO_32_BIT_CONVERSION = YES;
				GCC_WARN_ABOUT_RETURN_TYPE = YES_ERROR;
				GCC_WARN_UNDECLARED_SELECTOR = YES;
				GCC_WARN_UNINITIALIZED_AUTOS = YES_AGGRESSIVE;
				GCC_WARN_UNUSED_FUNCTION = YES;
				GCC_WARN_UNUSED_VARIABLE = YES;
				MTL_ENABLE_DEBUG_INFO = NO;
				MTL_FAST_MATH = YES;
				SWIFT_COMPILATION_MODE = wholemodule;
				SWIFT_OPTIMIZATION_LEVEL = "-O";
			};
			name = Release;
		};
		A1EB4FAC25718FDB0078FE10 /* Debug */ = {
			isa = XCBuildConfiguration;
			buildSettings = {
				ASSETCATALOG_COMPILER_APPICON_NAME = AppIcon;
				ASSETCATALOG_COMPILER_GLOBAL_ACCENT_COLOR_NAME = AccentColor;
				CODE_SIGN_STYLE = Automatic;
				DEVELOPMENT_TEAM = F4TL4LM96Q;
				ENABLE_PREVIEWS = YES;
				INFOPLIST_FILE = iOS/Info.plist;
				IPHONEOS_DEPLOYMENT_TARGET = 14.0;
				LD_RUNPATH_SEARCH_PATHS = (
					"$(inherited)",
					"@executable_path/Frameworks",
				);
				PRODUCT_BUNDLE_IDENTIFIER = com.louis993546.Matrix;
				PRODUCT_NAME = Matrix;
				SDKROOT = iphoneos;
				SWIFT_VERSION = 5.0;
				TARGETED_DEVICE_FAMILY = "1,2";
			};
			name = Debug;
		};
		A1EB4FAD25718FDB0078FE10 /* Release */ = {
			isa = XCBuildConfiguration;
			buildSettings = {
				ASSETCATALOG_COMPILER_APPICON_NAME = AppIcon;
				ASSETCATALOG_COMPILER_GLOBAL_ACCENT_COLOR_NAME = AccentColor;
				CODE_SIGN_STYLE = Automatic;
				DEVELOPMENT_TEAM = F4TL4LM96Q;
				ENABLE_PREVIEWS = YES;
				INFOPLIST_FILE = iOS/Info.plist;
				IPHONEOS_DEPLOYMENT_TARGET = 14.0;
				LD_RUNPATH_SEARCH_PATHS = (
					"$(inherited)",
					"@executable_path/Frameworks",
				);
				PRODUCT_BUNDLE_IDENTIFIER = com.louis993546.Matrix;
				PRODUCT_NAME = Matrix;
				SDKROOT = iphoneos;
				SWIFT_VERSION = 5.0;
				TARGETED_DEVICE_FAMILY = "1,2";
				VALIDATE_PRODUCT = YES;
			};
			name = Release;
		};
		A1EB4FAF25718FDB0078FE10 /* Debug */ = {
			isa = XCBuildConfiguration;
			buildSettings = {
				ASSETCATALOG_COMPILER_APPICON_NAME = AppIcon;
				ASSETCATALOG_COMPILER_GLOBAL_ACCENT_COLOR_NAME = AccentColor;
				CODE_SIGN_ENTITLEMENTS = macOS/macOS.entitlements;
				CODE_SIGN_STYLE = Automatic;
				COMBINE_HIDPI_IMAGES = YES;
				DEVELOPMENT_TEAM = F4TL4LM96Q;
				ENABLE_HARDENED_RUNTIME = YES;
				ENABLE_PREVIEWS = YES;
				INFOPLIST_FILE = macOS/Info.plist;
				LD_RUNPATH_SEARCH_PATHS = (
					"$(inherited)",
					"@executable_path/../Frameworks",
				);
				MACOSX_DEPLOYMENT_TARGET = 11.0;
				PRODUCT_BUNDLE_IDENTIFIER = com.louis993546.Matrix;
				PRODUCT_NAME = Matrix;
				SDKROOT = macosx;
				SWIFT_VERSION = 5.0;
			};
			name = Debug;
		};
		A1EB4FB025718FDB0078FE10 /* Release */ = {
			isa = XCBuildConfiguration;
			buildSettings = {
				ASSETCATALOG_COMPILER_APPICON_NAME = AppIcon;
				ASSETCATALOG_COMPILER_GLOBAL_ACCENT_COLOR_NAME = AccentColor;
				CODE_SIGN_ENTITLEMENTS = macOS/macOS.entitlements;
				CODE_SIGN_STYLE = Automatic;
				COMBINE_HIDPI_IMAGES = YES;
				DEVELOPMENT_TEAM = F4TL4LM96Q;
				ENABLE_HARDENED_RUNTIME = YES;
				ENABLE_PREVIEWS = YES;
				INFOPLIST_FILE = macOS/Info.plist;
				LD_RUNPATH_SEARCH_PATHS = (
					"$(inherited)",
					"@executable_path/../Frameworks",
				);
				MACOSX_DEPLOYMENT_TARGET = 11.0;
				PRODUCT_BUNDLE_IDENTIFIER = com.louis993546.Matrix;
				PRODUCT_NAME = Matrix;
				SDKROOT = macosx;
				SWIFT_VERSION = 5.0;
			};
			name = Release;
		};
		A1EB4FB225718FDB0078FE10 /* Debug */ = {
			isa = XCBuildConfiguration;
			buildSettings = {
				ALWAYS_EMBED_SWIFT_STANDARD_LIBRARIES = YES;
				CODE_SIGN_STYLE = Automatic;
				DEVELOPMENT_TEAM = F4TL4LM96Q;
				INFOPLIST_FILE = "Tests iOS/Info.plist";
				IPHONEOS_DEPLOYMENT_TARGET = 14.2;
				LD_RUNPATH_SEARCH_PATHS = (
					"$(inherited)",
					"@executable_path/Frameworks",
					"@loader_path/Frameworks",
				);
				PRODUCT_BUNDLE_IDENTIFIER = "com.louis993546.Tests-iOS";
				PRODUCT_NAME = "$(TARGET_NAME)";
				SDKROOT = iphoneos;
				SWIFT_VERSION = 5.0;
				TARGETED_DEVICE_FAMILY = "1,2";
				TEST_TARGET_NAME = "Matrix (iOS)";
			};
			name = Debug;
		};
		A1EB4FB325718FDB0078FE10 /* Release */ = {
			isa = XCBuildConfiguration;
			buildSettings = {
				ALWAYS_EMBED_SWIFT_STANDARD_LIBRARIES = YES;
				CODE_SIGN_STYLE = Automatic;
				DEVELOPMENT_TEAM = F4TL4LM96Q;
				INFOPLIST_FILE = "Tests iOS/Info.plist";
				IPHONEOS_DEPLOYMENT_TARGET = 14.2;
				LD_RUNPATH_SEARCH_PATHS = (
					"$(inherited)",
					"@executable_path/Frameworks",
					"@loader_path/Frameworks",
				);
				PRODUCT_BUNDLE_IDENTIFIER = "com.louis993546.Tests-iOS";
				PRODUCT_NAME = "$(TARGET_NAME)";
				SDKROOT = iphoneos;
				SWIFT_VERSION = 5.0;
				TARGETED_DEVICE_FAMILY = "1,2";
				TEST_TARGET_NAME = "Matrix (iOS)";
				VALIDATE_PRODUCT = YES;
			};
			name = Release;
		};
		A1EB4FB525718FDB0078FE10 /* Debug */ = {
			isa = XCBuildConfiguration;
			buildSettings = {
				ALWAYS_EMBED_SWIFT_STANDARD_LIBRARIES = YES;
				CODE_SIGN_STYLE = Automatic;
				COMBINE_HIDPI_IMAGES = YES;
				DEVELOPMENT_TEAM = F4TL4LM96Q;
				INFOPLIST_FILE = "Tests macOS/Info.plist";
				LD_RUNPATH_SEARCH_PATHS = (
					"$(inherited)",
					"@executable_path/../Frameworks",
					"@loader_path/../Frameworks",
				);
				MACOSX_DEPLOYMENT_TARGET = 11.0;
				PRODUCT_BUNDLE_IDENTIFIER = "com.louis993546.Tests-macOS";
				PRODUCT_NAME = "$(TARGET_NAME)";
				SDKROOT = macosx;
				SWIFT_VERSION = 5.0;
				TEST_TARGET_NAME = "Matrix (macOS)";
			};
			name = Debug;
		};
		A1EB4FB625718FDB0078FE10 /* Release */ = {
			isa = XCBuildConfiguration;
			buildSettings = {
				ALWAYS_EMBED_SWIFT_STANDARD_LIBRARIES = YES;
				CODE_SIGN_STYLE = Automatic;
				COMBINE_HIDPI_IMAGES = YES;
				DEVELOPMENT_TEAM = F4TL4LM96Q;
				INFOPLIST_FILE = "Tests macOS/Info.plist";
				LD_RUNPATH_SEARCH_PATHS = (
					"$(inherited)",
					"@executable_path/../Frameworks",
					"@loader_path/../Frameworks",
				);
				MACOSX_DEPLOYMENT_TARGET = 11.0;
				PRODUCT_BUNDLE_IDENTIFIER = "com.louis993546.Tests-macOS";
				PRODUCT_NAME = "$(TARGET_NAME)";
				SDKROOT = macosx;
				SWIFT_VERSION = 5.0;
				TEST_TARGET_NAME = "Matrix (macOS)";
			};
			name = Release;
		};
/* End XCBuildConfiguration section */

/* Begin XCConfigurationList section */
		A1EB4F7125718FD70078FE10 /* Build configuration list for PBXProject "Matrix" */ = {
			isa = XCConfigurationList;
			buildConfigurations = (
				A1EB4FA925718FDB0078FE10 /* Debug */,
				A1EB4FAA25718FDB0078FE10 /* Release */,
			);
			defaultConfigurationIsVisible = 0;
			defaultConfigurationName = Release;
		};
		A1EB4FAB25718FDB0078FE10 /* Build configuration list for PBXNativeTarget "Matrix (iOS)" */ = {
			isa = XCConfigurationList;
			buildConfigurations = (
				A1EB4FAC25718FDB0078FE10 /* Debug */,
				A1EB4FAD25718FDB0078FE10 /* Release */,
			);
			defaultConfigurationIsVisible = 0;
			defaultConfigurationName = Release;
		};
		A1EB4FAE25718FDB0078FE10 /* Build configuration list for PBXNativeTarget "Matrix (macOS)" */ = {
			isa = XCConfigurationList;
			buildConfigurations = (
				A1EB4FAF25718FDB0078FE10 /* Debug */,
				A1EB4FB025718FDB0078FE10 /* Release */,
			);
			defaultConfigurationIsVisible = 0;
			defaultConfigurationName = Release;
		};
		A1EB4FB125718FDB0078FE10 /* Build configuration list for PBXNativeTarget "Tests iOS" */ = {
			isa = XCConfigurationList;
			buildConfigurations = (
				A1EB4FB225718FDB0078FE10 /* Debug */,
				A1EB4FB325718FDB0078FE10 /* Release */,
			);
			defaultConfigurationIsVisible = 0;
			defaultConfigurationName = Release;
		};
		A1EB4FB425718FDB0078FE10 /* Build configuration list for PBXNativeTarget "Tests macOS" */ = {
			isa = XCConfigurationList;
			buildConfigurations = (
				A1EB4FB525718FDB0078FE10 /* Debug */,
				A1EB4FB625718FDB0078FE10 /* Release */,
			);
			defaultConfigurationIsVisible = 0;
			defaultConfigurationName = Release;
		};
/* End XCConfigurationList section */

/* Begin XCVersionGroup section */
		A1EB4F7325718FD80078FE10 /* Matrix.xcdatamodeld */ = {
			isa = XCVersionGroup;
			children = (
				A1EB4F7425718FD80078FE10 /* Shared.xcdatamodel */,
			);
			currentVersion = A1EB4F7425718FD80078FE10 /* Shared.xcdatamodel */;
			path = Matrix.xcdatamodeld;
			sourceTree = "<group>";
			versionGroupType = wrapper.xcdatamodel;
		};
/* End XCVersionGroup section */
	};
	rootObject = A1EB4F6E25718FD70078FE10 /* Project object */;
}
